
Microsoft Visual Studio Solution File, Format Version 12.00
# Visual Studio Version 16
VisualStudioVersion = 16.0.31911.196
MinimumVisualStudioVersion = 10.0.40219.1
Project("{9A19103F-16F7-4668-BE54-9A1E7A4F7556}") = "Ex01", "Ex01\Ex01.csproj", "{1BFD6B2E-AFBD-41FC-BBF7-371F8980D6DB}"
EndProject
Project("{9A19103F-16F7-4668-BE54-9A1E7A4F7556}") = "Ex.02", "Ex.02\Ex.02.csproj", "{7829B19F-6822-442C-B6C2-A2F27AAAC26B}"
EndProject
Project("{9A19103F-16F7-4668-BE54-9A1E7A4F7556}") = "Ex.03", "Ex.03\Ex.03.csproj", "{6E1A76EA-8E49-4DB6-81E3-D6D61DFBA69F}"
EndProject
Project("{9A19103F-16F7-4668-BE54-9A1E7A4F7556}") = "Aula4", "Playlist-1\Aula4.csproj", "{B08DA3BD-7A7F-4F4C-80F0-1972D1A3B60B}"
EndProject
Project("{9A19103F-16F7-4668-BE54-9A1E7A4F7556}") = "lojinha", "lojinha\lojinha.csproj", "{6FFDA4BF-BFCD-4D87-AC59-84895CF22A88}"
EndProject
Project("{9A19103F-16F7-4668-BE54-9A1E7A4F7556}") = "aula7", "aula7\aula7.csproj", "{14A43564-04D4-4B50-8EDD-C02530CCDA7F}"
EndProject
Project("{9A19103F-16F7-4668-BE54-9A1E7A4F7556}") = "Aula7B", "Aula7B\Aula7B.csproj", "{A95D81DA-F114-421F-A7FA-0E3FCDD1F478}"
EndProject
Project("{9A19103F-16F7-4668-BE54-9A1E7A4F7556}") = "Aula6", "Aula6\Aula6.csproj", "{ABB6350C-7F5E-4D8B-B2C0-8669CDBFCD8F}"
EndProject
Project("{9A19103F-16F7-4668-BE54-9A1E7A4F7556}") = "Aula5", "Aula5\Aula5.csproj", "{82A44839-8D64-413C-BC72-289FD5D2E0E2}"
EndProject
Project("{9A19103F-16F7-4668-BE54-9A1E7A4F7556}") = "Aula3", "Aula3\Aula3.csproj", "{BEFE264F-E98E-4FF8-9F46-C9E8CE212852}"
EndProject
Project("{9A19103F-16F7-4668-BE54-9A1E7A4F7556}") = "Ex.05", "Ex.05\Ex.05.csproj", "{F6ED0F09-AF9B-4BC9-8ED9-18BCDA6FC797}"
EndProject
Project("{9A19103F-16F7-4668-BE54-9A1E7A4F7556}") = "Ex.06", "Ex.06\Ex.06.csproj", "{A9966F78-B2FC-4F9C-85D6-4452B223D8EF}"
EndProject
Project("{9A19103F-16F7-4668-BE54-9A1E7A4F7556}") = "Ex.07", "Ex.07\Ex.07.csproj", "{C8B96F24-5208-45DC-AE71-4C86A62FE3ED}"
EndProject
Project("{FAE04EC0-301F-11D3-BF4B-00C04F79EFBC}") = "Ex.08", "Ex.08\Ex.08.csproj", "{2040FAC2-C035-4245-B4B7-F654CB38A26C}"
EndProject
Global
	GlobalSection(SolutionConfigurationPlatforms) = preSolution
		Debug|Any CPU = Debug|Any CPU
		Release|Any CPU = Release|Any CPU
	EndGlobalSection
	GlobalSection(ProjectConfigurationPlatforms) = postSolution
		{1BFD6B2E-AFBD-41FC-BBF7-371F8980D6DB}.Debug|Any CPU.ActiveCfg = Debug|Any CPU
		{1BFD6B2E-AFBD-41FC-BBF7-371F8980D6DB}.Debug|Any CPU.Build.0 = Debug|Any CPU
		{1BFD6B2E-AFBD-41FC-BBF7-371F8980D6DB}.Release|Any CPU.ActiveCfg = Release|Any CPU
		{1BFD6B2E-AFBD-41FC-BBF7-371F8980D6DB}.Release|Any CPU.Build.0 = Release|Any CPU
		{7829B19F-6822-442C-B6C2-A2F27AAAC26B}.Debug|Any CPU.ActiveCfg = Debug|Any CPU
		{7829B19F-6822-442C-B6C2-A2F27AAAC26B}.Debug|Any CPU.Build.0 = Debug|Any CPU
		{7829B19F-6822-442C-B6C2-A2F27AAAC26B}.Release|Any CPU.ActiveCfg = Release|Any CPU
		{7829B19F-6822-442C-B6C2-A2F27AAAC26B}.Release|Any CPU.Build.0 = Release|Any CPU
		{6E1A76EA-8E49-4DB6-81E3-D6D61DFBA69F}.Debug|Any CPU.ActiveCfg = Debug|Any CPU
		{6E1A76EA-8E49-4DB6-81E3-D6D61DFBA69F}.Debug|Any CPU.Build.0 = Debug|Any CPU
		{6E1A76EA-8E49-4DB6-81E3-D6D61DFBA69F}.Release|Any CPU.ActiveCfg = Release|Any CPU
		{6E1A76EA-8E49-4DB6-81E3-D6D61DFBA69F}.Release|Any CPU.Build.0 = Release|Any CPU
		{B08DA3BD-7A7F-4F4C-80F0-1972D1A3B60B}.Debug|Any CPU.ActiveCfg = Debug|Any CPU
		{B08DA3BD-7A7F-4F4C-80F0-1972D1A3B60B}.Debug|Any CPU.Build.0 = Debug|Any CPU
		{B08DA3BD-7A7F-4F4C-80F0-1972D1A3B60B}.Release|Any CPU.ActiveCfg = Release|Any CPU
		{B08DA3BD-7A7F-4F4C-80F0-1972D1A3B60B}.Release|Any CPU.Build.0 = Release|Any CPU
		{6FFDA4BF-BFCD-4D87-AC59-84895CF22A88}.Debug|Any CPU.ActiveCfg = Debug|Any CPU
		{6FFDA4BF-BFCD-4D87-AC59-84895CF22A88}.Debug|Any CPU.Build.0 = Debug|Any CPU
		{6FFDA4BF-BFCD-4D87-AC59-84895CF22A88}.Release|Any CPU.ActiveCfg = Release|Any CPU
		{6FFDA4BF-BFCD-4D87-AC59-84895CF22A88}.Release|Any CPU.Build.0 = Release|Any CPU
		{14A43564-04D4-4B50-8EDD-C02530CCDA7F}.Debug|Any CPU.ActiveCfg = Debug|Any CPU
		{14A43564-04D4-4B50-8EDD-C02530CCDA7F}.Debug|Any CPU.Build.0 = Debug|Any CPU
		{14A43564-04D4-4B50-8EDD-C02530CCDA7F}.Release|Any CPU.ActiveCfg = Release|Any CPU
		{14A43564-04D4-4B50-8EDD-C02530CCDA7F}.Release|Any CPU.Build.0 = Release|Any CPU
		{A95D81DA-F114-421F-A7FA-0E3FCDD1F478}.Debug|Any CPU.ActiveCfg = Debug|Any CPU
		{A95D81DA-F114-421F-A7FA-0E3FCDD1F478}.Debug|Any CPU.Build.0 = Debug|Any CPU
		{A95D81DA-F114-421F-A7FA-0E3FCDD1F478}.Release|Any CPU.ActiveCfg = Release|Any CPU
		{A95D81DA-F114-421F-A7FA-0E3FCDD1F478}.Release|Any CPU.Build.0 = Release|Any CPU
		{ABB6350C-7F5E-4D8B-B2C0-8669CDBFCD8F}.Debug|Any CPU.ActiveCfg = Debug|Any CPU
		{ABB6350C-7F5E-4D8B-B2C0-8669CDBFCD8F}.Debug|Any CPU.Build.0 = Debug|Any CPU
		{ABB6350C-7F5E-4D8B-B2C0-8669CDBFCD8F}.Release|Any CPU.ActiveCfg = Release|Any CPU
		{ABB6350C-7F5E-4D8B-B2C0-8669CDBFCD8F}.Release|Any CPU.Build.0 = Release|Any CPU
		{82A44839-8D64-413C-BC72-289FD5D2E0E2}.Debug|Any CPU.ActiveCfg = Debug|Any CPU
		{82A44839-8D64-413C-BC72-289FD5D2E0E2}.Debug|Any CPU.Build.0 = Debug|Any CPU
		{82A44839-8D64-413C-BC72-289FD5D2E0E2}.Release|Any CPU.ActiveCfg = Release|Any CPU
		{82A44839-8D64-413C-BC72-289FD5D2E0E2}.Release|Any CPU.Build.0 = Release|Any CPU
		{BEFE264F-E98E-4FF8-9F46-C9E8CE212852}.Debug|Any CPU.ActiveCfg = Debug|Any CPU
		{BEFE264F-E98E-4FF8-9F46-C9E8CE212852}.Debug|Any CPU.Build.0 = Debug|Any CPU
		{BEFE264F-E98E-4FF8-9F46-C9E8CE212852}.Release|Any CPU.ActiveCfg = Release|Any CPU
		{BEFE264F-E98E-4FF8-9F46-C9E8CE212852}.Release|Any CPU.Build.0 = Release|Any CPU
		{F6ED0F09-AF9B-4BC9-8ED9-18BCDA6FC797}.Debug|Any CPU.ActiveCfg = Debug|Any CPU
		{F6ED0F09-AF9B-4BC9-8ED9-18BCDA6FC797}.Debug|Any CPU.Build.0 = Debug|Any CPU
		{F6ED0F09-AF9B-4BC9-8ED9-18BCDA6FC797}.Release|Any CPU.ActiveCfg = Release|Any CPU
		{F6ED0F09-AF9B-4BC9-8ED9-18BCDA6FC797}.Release|Any CPU.Build.0 = Release|Any CPU
		{A9966F78-B2FC-4F9C-85D6-4452B223D8EF}.Debug|Any CPU.ActiveCfg = Debug|Any CPU
		{A9966F78-B2FC-4F9C-85D6-4452B223D8EF}.Debug|Any CPU.Build.0 = Debug|Any CPU
		{A9966F78-B2FC-4F9C-85D6-4452B223D8EF}.Release|Any CPU.ActiveCfg = Release|Any CPU
		{A9966F78-B2FC-4F9C-85D6-4452B223D8EF}.Release|Any CPU.Build.0 = Release|Any CPU
		{C8B96F24-5208-45DC-AE71-4C86A62FE3ED}.Debug|Any CPU.ActiveCfg = Debug|Any CPU
		{C8B96F24-5208-45DC-AE71-4C86A62FE3ED}.Debug|Any CPU.Build.0 = Debug|Any CPU
		{C8B96F24-5208-45DC-AE71-4C86A62FE3ED}.Release|Any CPU.ActiveCfg = Release|Any CPU
		{C8B96F24-5208-45DC-AE71-4C86A62FE3ED}.Release|Any CPU.Build.0 = Release|Any CPU
		{2040FAC2-C035-4245-B4B7-F654CB38A26C}.Debug|Any CPU.ActiveCfg = Debug|Any CPU
		{2040FAC2-C035-4245-B4B7-F654CB38A26C}.Debug|Any CPU.Build.0 = Debug|Any CPU
		{2040FAC2-C035-4245-B4B7-F654CB38A26C}.Release|Any CPU.ActiveCfg = Release|Any CPU
		{2040FAC2-C035-4245-B4B7-F654CB38A26C}.Release|Any CPU.Build.0 = Release|Any CPU
	EndGlobalSection
	GlobalSection(SolutionProperties) = preSolution
		HideSolutionNode = FALSE
	EndGlobalSection
	GlobalSection(ExtensibilityGlobals) = postSolution
		SolutionGuid = {1071A00C-493E-468B-BA55-C289D1A28C0B}
	EndGlobalSection
EndGlobal
